
Microsoft Visual Studio Solution File, Format Version 12.00
# Visual Studio Version 16
VisualStudioVersion = 16.0.32228.343
MinimumVisualStudioVersion = 10.0.40219.1
Project("{FAE04EC0-301F-11D3-BF4B-00C04F79EFBC}") = "ConsoleApp2", "ConsoleApp2.csproj", "{A3E48CB4-6E36-4ABD-9A52-D9603BDC3E97}"
EndProject
Project("{FAE04EC0-301F-11D3-BF4B-00C04F79EFBC}") = "ConsoleApp3", "..\ConsoleApp3\ConsoleApp3.csproj", "{CA57EDF9-130D-49AF-830E-5F0586737432}"
EndProject
Project("{FAE04EC0-301F-11D3-BF4B-00C04F79EFBC}") = "ConsoleApp4", "..\ConsoleApp4\ConsoleApp4.csproj", "{F1ECF3A0-8F01-4EEB-A065-C824F4958761}"
EndProject
Project("{FAE04EC0-301F-11D3-BF4B-00C04F79EFBC}") = "ConsoleApp5", "..\ConsoleApp5\ConsoleApp5.csproj", "{ACC71E34-F3DC-43FF-8733-2BA20B2105B7}"
EndProject
Global
	GlobalSection(SolutionConfigurationPlatforms) = preSolution
		Debug|Any CPU = Debug|Any CPU
		Release|Any CPU = Release|Any CPU
	EndGlobalSection
	GlobalSection(ProjectConfigurationPlatforms) = postSolution
		{A3E48CB4-6E36-4ABD-9A52-D9603BDC3E97}.Debug|Any CPU.ActiveCfg = Debug|Any CPU
		{A3E48CB4-6E36-4ABD-9A52-D9603BDC3E97}.Debug|Any CPU.Build.0 = Debug|Any CPU
		{A3E48CB4-6E36-4ABD-9A52-D9603BDC3E97}.Release|Any CPU.ActiveCfg = Release|Any CPU
		{A3E48CB4-6E36-4ABD-9A52-D9603BDC3E97}.Release|Any CPU.Build.0 = Release|Any CPU
		{CA57EDF9-130D-49AF-830E-5F0586737432}.Debug|Any CPU.ActiveCfg = Debug|Any CPU
		{CA57EDF9-130D-49AF-830E-5F0586737432}.Debug|Any CPU.Build.0 = Debug|Any CPU
		{CA57EDF9-130D-49AF-830E-5F0586737432}.Release|Any CPU.ActiveCfg = Release|Any CPU
		{CA57EDF9-130D-49AF-830E-5F0586737432}.Release|Any CPU.Build.0 = Release|Any CPU
		{F1ECF3A0-8F01-4EEB-A065-C824F4958761}.Debug|Any CPU.ActiveCfg = Debug|Any CPU
		{F1ECF3A0-8F01-4EEB-A065-C824F4958761}.Debug|Any CPU.Build.0 = Debug|Any CPU
		{F1ECF3A0-8F01-4EEB-A065-C824F4958761}.Release|Any CPU.ActiveCfg = Release|Any CPU
		{F1ECF3A0-8F01-4EEB-A065-C824F4958761}.Release|Any CPU.Build.0 = Release|Any CPU
		{ACC71E34-F3DC-43FF-8733-2BA20B2105B7}.Debug|Any CPU.ActiveCfg = Debug|Any CPU
		{ACC71E34-F3DC-43FF-8733-2BA20B2105B7}.Debug|Any CPU.Build.0 = Debug|Any CPU
		{ACC71E34-F3DC-43FF-8733-2BA20B2105B7}.Release|Any CPU.ActiveCfg = Release|Any CPU
		{ACC71E34-F3DC-43FF-8733-2BA20B2105B7}.Release|Any CPU.Build.0 = Release|Any CPU
	EndGlobalSection
	GlobalSection(SolutionProperties) = preSolution
		HideSolutionNode = FALSE
	EndGlobalSection
	GlobalSection(ExtensibilityGlobals) = postSolution
		SolutionGuid = {8454E017-4EE6-450D-914F-A5CB15A46CD5}
	EndGlobalSection
EndGlobal
